
Microsoft Visual Studio Solution File, Format Version 12.00
# Visual Studio Version 17
VisualStudioVersion = 17.14.36301.6
MinimumVisualStudioVersion = 10.0.40219.1
Project("{8BC9CEB8-8B4A-11D0-8D11-00A0C91BC942}") = "01.Array", "1.Array\1.Array.vcxproj", "{AF9D06A8-3100-42E5-8EE5-AAFD4C3F3995}"
EndProject
Project("{8BC9CEB8-8B4A-11D0-8D11-00A0C91BC942}") = "02.Vector", "2.Vector\2.Vector.vcxproj", "{BEE3E3D2-F5CD-4611-A446-9147C8559F76}"
EndProject
Project("{8BC9CEB8-8B4A-11D0-8D11-00A0C91BC942}") = "03.Recursive", "3.Recursive\3.Recursive.vcxproj", "{50F87990-DA2F-4F52-97F5-5BA1B6F7E401}"
EndProject
Project("{8BC9CEB8-8B4A-11D0-8D11-00A0C91BC942}") = "04.LinkedList", "4.LinkedList\4.LinkedList.vcxproj", "{12A8283F-8AA5-44AA-B98F-A0BC85317A37}"
EndProject
Project("{8BC9CEB8-8B4A-11D0-8D11-00A0C91BC942}") = "05.DoubleLinkedList", "5.DoubleLinkedList\5.DoubleLinkedList.vcxproj", "{06996D43-6581-4210-9457-083CAE00E724}"
EndProject
Project("{8BC9CEB8-8B4A-11D0-8D11-00A0C91BC942}") = "06.Stack", "6.Stack\6.Stack.vcxproj", "{F8C4AB5C-B955-4828-B3B7-2D6C61CFC2EE}"
EndProject
Project("{8BC9CEB8-8B4A-11D0-8D11-00A0C91BC942}") = "07.StackMaze", "7.StackMaze\7.StackMaze.vcxproj", "{FA610AE4-D5D0-45B8-BC84-80FFA92CB89C}"
EndProject
Project("{8BC9CEB8-8B4A-11D0-8D11-00A0C91BC942}") = "07.StackMaze2", "7.StackMaze2\7.StackMaze2.vcxproj", "{F67C1465-F1B4-4ECB-8CAC-206A16E65DE1}"
EndProject
Project("{8BC9CEB8-8B4A-11D0-8D11-00A0C91BC942}") = "08.BubbleSort", "8.BubbleSort\8.BubbleSort.vcxproj", "{EC2B578B-6A0B-43D2-893E-86450F5BB505}"
EndProject
Project("{8BC9CEB8-8B4A-11D0-8D11-00A0C91BC942}") = "09.Queue", "9.Queue\9.Queue.vcxproj", "{22522393-663D-43CC-9FFC-4879393C9662}"
EndProject
Project("{8BC9CEB8-8B4A-11D0-8D11-00A0C91BC942}") = "10.QueueMaze", "10.QueueMaze\10.QueueMaze.vcxproj", "{6275DD58-5342-4A5E-AD53-3DF9FB408197}"
EndProject
Project("{8BC9CEB8-8B4A-11D0-8D11-00A0C91BC942}") = "11.Deque", "11.Deque\11.Deque.vcxproj", "{1B34D632-A8E3-4285-BC8E-4855968407EE}"
EndProject
Project("{8BC9CEB8-8B4A-11D0-8D11-00A0C91BC942}") = "12.HashTable", "12.HashTable\12.HashTable.vcxproj", "{8FD253CC-56FB-43D6-81E1-33DD037E6106}"
EndProject
Project("{8BC9CEB8-8B4A-11D0-8D11-00A0C91BC942}") = "13.SelectionSort", "13.SelectionSort\13.SelectionSort.vcxproj", "{6796EDD6-1167-4660-A19E-C425AB200BC9}"
EndProject
Project("{8BC9CEB8-8B4A-11D0-8D11-00A0C91BC942}") = "14.InsertionSort", "14.InsertionSort\14.InsertionSort.vcxproj", "{B2B245B8-E4D4-46CB-B365-2A6E37C31889}"
EndProject
Project("{8BC9CEB8-8B4A-11D0-8D11-00A0C91BC942}") = "15.QuickSort", "15.QuickSort\15.QuickSort.vcxproj", "{1D2740E2-57CC-483A-A556-C38289DC1310}"
EndProject
Project("{8BC9CEB8-8B4A-11D0-8D11-00A0C91BC942}") = "16.MergeSort", "16.MergeSort\16.MergeSort.vcxproj", "{429C3DF3-BCB4-4A00-B8BA-AB881238CFAE}"
EndProject
Project("{8BC9CEB8-8B4A-11D0-8D11-00A0C91BC942}") = "17.Tree", "17.Tree\17.Tree.vcxproj", "{019A2041-5A87-4326-9D49-E11633CFD0F6}"
EndProject
Project("{8BC9CEB8-8B4A-11D0-8D11-00A0C91BC942}") = "18.BinaryTree", "18.BinaryTree\18.BinaryTree.vcxproj", "{D37DBB23-32B0-4216-AD49-28479787331E}"
EndProject
Project("{8BC9CEB8-8B4A-11D0-8D11-00A0C91BC942}") = "19.BinarySearchTree", "19.BinarySearchTree\19.BinarySearchTree.vcxproj", "{9EC9E5AB-83E3-4DB6-B452-FA21E0908DFD}"
EndProject
Project("{8BC9CEB8-8B4A-11D0-8D11-00A0C91BC942}") = "20.RedBlackTree", "20.RedBlackTree\20.RedBlackTree.vcxproj", "{17CCC833-A265-4B5F-9B8E-002DD2923493}"
EndProject
Project("{8BC9CEB8-8B4A-11D0-8D11-00A0C91BC942}") = "21.AStar", "21.AStar\21.AStar.vcxproj", "{EF63A9F1-72E6-421D-ACAD-CB8BBE97BA2A}"
EndProject
Project("{8BC9CEB8-8B4A-11D0-8D11-00A0C91BC942}") = "22.AStarWithAnimation", "22.AStarWithAnimation\22.AStarWithAnimation.vcxproj", "{9D90410B-6E5D-4312-8EA3-2A11E223AF6D}"
EndProject
Project("{8BC9CEB8-8B4A-11D0-8D11-00A0C91BC942}") = "23.QuadTree", "23.QuadTree\23.QuadTree.vcxproj", "{B04647F4-034A-4249-8519-33B3DE065854}"
EndProject
Global
	GlobalSection(SolutionConfigurationPlatforms) = preSolution
		Debug|x64 = Debug|x64
		Debug|x86 = Debug|x86
		Release|x64 = Release|x64
		Release|x86 = Release|x86
	EndGlobalSection
	GlobalSection(ProjectConfigurationPlatforms) = postSolution
		{AF9D06A8-3100-42E5-8EE5-AAFD4C3F3995}.Debug|x64.ActiveCfg = Debug|x64
		{AF9D06A8-3100-42E5-8EE5-AAFD4C3F3995}.Debug|x64.Build.0 = Debug|x64
		{AF9D06A8-3100-42E5-8EE5-AAFD4C3F3995}.Debug|x86.ActiveCfg = Debug|Win32
		{AF9D06A8-3100-42E5-8EE5-AAFD4C3F3995}.Debug|x86.Build.0 = Debug|Win32
		{AF9D06A8-3100-42E5-8EE5-AAFD4C3F3995}.Release|x64.ActiveCfg = Release|x64
		{AF9D06A8-3100-42E5-8EE5-AAFD4C3F3995}.Release|x64.Build.0 = Release|x64
		{AF9D06A8-3100-42E5-8EE5-AAFD4C3F3995}.Release|x86.ActiveCfg = Release|Win32
		{AF9D06A8-3100-42E5-8EE5-AAFD4C3F3995}.Release|x86.Build.0 = Release|Win32
		{BEE3E3D2-F5CD-4611-A446-9147C8559F76}.Debug|x64.ActiveCfg = Debug|x64
		{BEE3E3D2-F5CD-4611-A446-9147C8559F76}.Debug|x64.Build.0 = Debug|x64
		{BEE3E3D2-F5CD-4611-A446-9147C8559F76}.Debug|x86.ActiveCfg = Debug|Win32
		{BEE3E3D2-F5CD-4611-A446-9147C8559F76}.Debug|x86.Build.0 = Debug|Win32
		{BEE3E3D2-F5CD-4611-A446-9147C8559F76}.Release|x64.ActiveCfg = Release|x64
		{BEE3E3D2-F5CD-4611-A446-9147C8559F76}.Release|x64.Build.0 = Release|x64
		{BEE3E3D2-F5CD-4611-A446-9147C8559F76}.Release|x86.ActiveCfg = Release|Win32
		{BEE3E3D2-F5CD-4611-A446-9147C8559F76}.Release|x86.Build.0 = Release|Win32
		{50F87990-DA2F-4F52-97F5-5BA1B6F7E401}.Debug|x64.ActiveCfg = Debug|x64
		{50F87990-DA2F-4F52-97F5-5BA1B6F7E401}.Debug|x64.Build.0 = Debug|x64
		{50F87990-DA2F-4F52-97F5-5BA1B6F7E401}.Debug|x86.ActiveCfg = Debug|Win32
		{50F87990-DA2F-4F52-97F5-5BA1B6F7E401}.Debug|x86.Build.0 = Debug|Win32
		{50F87990-DA2F-4F52-97F5-5BA1B6F7E401}.Release|x64.ActiveCfg = Release|x64
		{50F87990-DA2F-4F52-97F5-5BA1B6F7E401}.Release|x64.Build.0 = Release|x64
		{50F87990-DA2F-4F52-97F5-5BA1B6F7E401}.Release|x86.ActiveCfg = Release|Win32
		{50F87990-DA2F-4F52-97F5-5BA1B6F7E401}.Release|x86.Build.0 = Release|Win32
		{12A8283F-8AA5-44AA-B98F-A0BC85317A37}.Debug|x64.ActiveCfg = Debug|x64
		{12A8283F-8AA5-44AA-B98F-A0BC85317A37}.Debug|x64.Build.0 = Debug|x64
		{12A8283F-8AA5-44AA-B98F-A0BC85317A37}.Debug|x86.ActiveCfg = Debug|Win32
		{12A8283F-8AA5-44AA-B98F-A0BC85317A37}.Debug|x86.Build.0 = Debug|Win32
		{12A8283F-8AA5-44AA-B98F-A0BC85317A37}.Release|x64.ActiveCfg = Release|x64
		{12A8283F-8AA5-44AA-B98F-A0BC85317A37}.Release|x64.Build.0 = Release|x64
		{12A8283F-8AA5-44AA-B98F-A0BC85317A37}.Release|x86.ActiveCfg = Release|Win32
		{12A8283F-8AA5-44AA-B98F-A0BC85317A37}.Release|x86.Build.0 = Release|Win32
		{06996D43-6581-4210-9457-083CAE00E724}.Debug|x64.ActiveCfg = Debug|x64
		{06996D43-6581-4210-9457-083CAE00E724}.Debug|x64.Build.0 = Debug|x64
		{06996D43-6581-4210-9457-083CAE00E724}.Debug|x86.ActiveCfg = Debug|Win32
		{06996D43-6581-4210-9457-083CAE00E724}.Debug|x86.Build.0 = Debug|Win32
		{06996D43-6581-4210-9457-083CAE00E724}.Release|x64.ActiveCfg = Release|x64
		{06996D43-6581-4210-9457-083CAE00E724}.Release|x64.Build.0 = Release|x64
		{06996D43-6581-4210-9457-083CAE00E724}.Release|x86.ActiveCfg = Release|Win32
		{06996D43-6581-4210-9457-083CAE00E724}.Release|x86.Build.0 = Release|Win32
		{F8C4AB5C-B955-4828-B3B7-2D6C61CFC2EE}.Debug|x64.ActiveCfg = Debug|x64
		{F8C4AB5C-B955-4828-B3B7-2D6C61CFC2EE}.Debug|x64.Build.0 = Debug|x64
		{F8C4AB5C-B955-4828-B3B7-2D6C61CFC2EE}.Debug|x86.ActiveCfg = Debug|Win32
		{F8C4AB5C-B955-4828-B3B7-2D6C61CFC2EE}.Debug|x86.Build.0 = Debug|Win32
		{F8C4AB5C-B955-4828-B3B7-2D6C61CFC2EE}.Release|x64.ActiveCfg = Release|x64
		{F8C4AB5C-B955-4828-B3B7-2D6C61CFC2EE}.Release|x64.Build.0 = Release|x64
		{F8C4AB5C-B955-4828-B3B7-2D6C61CFC2EE}.Release|x86.ActiveCfg = Release|Win32
		{F8C4AB5C-B955-4828-B3B7-2D6C61CFC2EE}.Release|x86.Build.0 = Release|Win32
		{FA610AE4-D5D0-45B8-BC84-80FFA92CB89C}.Debug|x64.ActiveCfg = Debug|x64
		{FA610AE4-D5D0-45B8-BC84-80FFA92CB89C}.Debug|x64.Build.0 = Debug|x64
		{FA610AE4-D5D0-45B8-BC84-80FFA92CB89C}.Debug|x86.ActiveCfg = Debug|Win32
		{FA610AE4-D5D0-45B8-BC84-80FFA92CB89C}.Debug|x86.Build.0 = Debug|Win32
		{FA610AE4-D5D0-45B8-BC84-80FFA92CB89C}.Release|x64.ActiveCfg = Release|x64
		{FA610AE4-D5D0-45B8-BC84-80FFA92CB89C}.Release|x64.Build.0 = Release|x64
		{FA610AE4-D5D0-45B8-BC84-80FFA92CB89C}.Release|x86.ActiveCfg = Release|Win32
		{FA610AE4-D5D0-45B8-BC84-80FFA92CB89C}.Release|x86.Build.0 = Release|Win32
		{F67C1465-F1B4-4ECB-8CAC-206A16E65DE1}.Debug|x64.ActiveCfg = Debug|x64
		{F67C1465-F1B4-4ECB-8CAC-206A16E65DE1}.Debug|x64.Build.0 = Debug|x64
		{F67C1465-F1B4-4ECB-8CAC-206A16E65DE1}.Debug|x86.ActiveCfg = Debug|Win32
		{F67C1465-F1B4-4ECB-8CAC-206A16E65DE1}.Debug|x86.Build.0 = Debug|Win32
		{F67C1465-F1B4-4ECB-8CAC-206A16E65DE1}.Release|x64.ActiveCfg = Release|x64
		{F67C1465-F1B4-4ECB-8CAC-206A16E65DE1}.Release|x64.Build.0 = Release|x64
		{F67C1465-F1B4-4ECB-8CAC-206A16E65DE1}.Release|x86.ActiveCfg = Release|Win32
		{F67C1465-F1B4-4ECB-8CAC-206A16E65DE1}.Release|x86.Build.0 = Release|Win32
		{EC2B578B-6A0B-43D2-893E-86450F5BB505}.Debug|x64.ActiveCfg = Debug|x64
		{EC2B578B-6A0B-43D2-893E-86450F5BB505}.Debug|x64.Build.0 = Debug|x64
		{EC2B578B-6A0B-43D2-893E-86450F5BB505}.Debug|x86.ActiveCfg = Debug|Win32
		{EC2B578B-6A0B-43D2-893E-86450F5BB505}.Debug|x86.Build.0 = Debug|Win32
		{EC2B578B-6A0B-43D2-893E-86450F5BB505}.Release|x64.ActiveCfg = Release|x64
		{EC2B578B-6A0B-43D2-893E-86450F5BB505}.Release|x64.Build.0 = Release|x64
		{EC2B578B-6A0B-43D2-893E-86450F5BB505}.Release|x86.ActiveCfg = Release|Win32
		{EC2B578B-6A0B-43D2-893E-86450F5BB505}.Release|x86.Build.0 = Release|Win32
		{22522393-663D-43CC-9FFC-4879393C9662}.Debug|x64.ActiveCfg = Debug|x64
		{22522393-663D-43CC-9FFC-4879393C9662}.Debug|x64.Build.0 = Debug|x64
		{22522393-663D-43CC-9FFC-4879393C9662}.Debug|x86.ActiveCfg = Debug|Win32
		{22522393-663D-43CC-9FFC-4879393C9662}.Debug|x86.Build.0 = Debug|Win32
		{22522393-663D-43CC-9FFC-4879393C9662}.Release|x64.ActiveCfg = Release|x64
		{22522393-663D-43CC-9FFC-4879393C9662}.Release|x64.Build.0 = Release|x64
		{22522393-663D-43CC-9FFC-4879393C9662}.Release|x86.ActiveCfg = Release|Win32
		{22522393-663D-43CC-9FFC-4879393C9662}.Release|x86.Build.0 = Release|Win32
		{6275DD58-5342-4A5E-AD53-3DF9FB408197}.Debug|x64.ActiveCfg = Debug|x64
		{6275DD58-5342-4A5E-AD53-3DF9FB408197}.Debug|x64.Build.0 = Debug|x64
		{6275DD58-5342-4A5E-AD53-3DF9FB408197}.Debug|x86.ActiveCfg = Debug|Win32
		{6275DD58-5342-4A5E-AD53-3DF9FB408197}.Debug|x86.Build.0 = Debug|Win32
		{6275DD58-5342-4A5E-AD53-3DF9FB408197}.Release|x64.ActiveCfg = Release|x64
		{6275DD58-5342-4A5E-AD53-3DF9FB408197}.Release|x64.Build.0 = Release|x64
		{6275DD58-5342-4A5E-AD53-3DF9FB408197}.Release|x86.ActiveCfg = Release|Win32
		{6275DD58-5342-4A5E-AD53-3DF9FB408197}.Release|x86.Build.0 = Release|Win32
		{1B34D632-A8E3-4285-BC8E-4855968407EE}.Debug|x64.ActiveCfg = Debug|x64
		{1B34D632-A8E3-4285-BC8E-4855968407EE}.Debug|x64.Build.0 = Debug|x64
		{1B34D632-A8E3-4285-BC8E-4855968407EE}.Debug|x86.ActiveCfg = Debug|Win32
		{1B34D632-A8E3-4285-BC8E-4855968407EE}.Debug|x86.Build.0 = Debug|Win32
		{1B34D632-A8E3-4285-BC8E-4855968407EE}.Release|x64.ActiveCfg = Release|x64
		{1B34D632-A8E3-4285-BC8E-4855968407EE}.Release|x64.Build.0 = Release|x64
		{1B34D632-A8E3-4285-BC8E-4855968407EE}.Release|x86.ActiveCfg = Release|Win32
		{1B34D632-A8E3-4285-BC8E-4855968407EE}.Release|x86.Build.0 = Release|Win32
		{8FD253CC-56FB-43D6-81E1-33DD037E6106}.Debug|x64.ActiveCfg = Debug|x64
		{8FD253CC-56FB-43D6-81E1-33DD037E6106}.Debug|x64.Build.0 = Debug|x64
		{8FD253CC-56FB-43D6-81E1-33DD037E6106}.Debug|x86.ActiveCfg = Debug|Win32
		{8FD253CC-56FB-43D6-81E1-33DD037E6106}.Debug|x86.Build.0 = Debug|Win32
		{8FD253CC-56FB-43D6-81E1-33DD037E6106}.Release|x64.ActiveCfg = Release|x64
		{8FD253CC-56FB-43D6-81E1-33DD037E6106}.Release|x64.Build.0 = Release|x64
		{8FD253CC-56FB-43D6-81E1-33DD037E6106}.Release|x86.ActiveCfg = Release|Win32
		{8FD253CC-56FB-43D6-81E1-33DD037E6106}.Release|x86.Build.0 = Release|Win32
		{6796EDD6-1167-4660-A19E-C425AB200BC9}.Debug|x64.ActiveCfg = Debug|x64
		{6796EDD6-1167-4660-A19E-C425AB200BC9}.Debug|x64.Build.0 = Debug|x64
		{6796EDD6-1167-4660-A19E-C425AB200BC9}.Debug|x86.ActiveCfg = Debug|Win32
		{6796EDD6-1167-4660-A19E-C425AB200BC9}.Debug|x86.Build.0 = Debug|Win32
		{6796EDD6-1167-4660-A19E-C425AB200BC9}.Release|x64.ActiveCfg = Release|x64
		{6796EDD6-1167-4660-A19E-C425AB200BC9}.Release|x64.Build.0 = Release|x64
		{6796EDD6-1167-4660-A19E-C425AB200BC9}.Release|x86.ActiveCfg = Release|Win32
		{6796EDD6-1167-4660-A19E-C425AB200BC9}.Release|x86.Build.0 = Release|Win32
		{B2B245B8-E4D4-46CB-B365-2A6E37C31889}.Debug|x64.ActiveCfg = Debug|x64
		{B2B245B8-E4D4-46CB-B365-2A6E37C31889}.Debug|x64.Build.0 = Debug|x64
		{B2B245B8-E4D4-46CB-B365-2A6E37C31889}.Debug|x86.ActiveCfg = Debug|Win32
		{B2B245B8-E4D4-46CB-B365-2A6E37C31889}.Debug|x86.Build.0 = Debug|Win32
		{B2B245B8-E4D4-46CB-B365-2A6E37C31889}.Release|x64.ActiveCfg = Release|x64
		{B2B245B8-E4D4-46CB-B365-2A6E37C31889}.Release|x64.Build.0 = Release|x64
		{B2B245B8-E4D4-46CB-B365-2A6E37C31889}.Release|x86.ActiveCfg = Release|Win32
		{B2B245B8-E4D4-46CB-B365-2A6E37C31889}.Release|x86.Build.0 = Release|Win32
		{1D2740E2-57CC-483A-A556-C38289DC1310}.Debug|x64.ActiveCfg = Debug|x64
		{1D2740E2-57CC-483A-A556-C38289DC1310}.Debug|x64.Build.0 = Debug|x64
		{1D2740E2-57CC-483A-A556-C38289DC1310}.Debug|x86.ActiveCfg = Debug|Win32
		{1D2740E2-57CC-483A-A556-C38289DC1310}.Debug|x86.Build.0 = Debug|Win32
		{1D2740E2-57CC-483A-A556-C38289DC1310}.Release|x64.ActiveCfg = Release|x64
		{1D2740E2-57CC-483A-A556-C38289DC1310}.Release|x64.Build.0 = Release|x64
		{1D2740E2-57CC-483A-A556-C38289DC1310}.Release|x86.ActiveCfg = Release|Win32
		{1D2740E2-57CC-483A-A556-C38289DC1310}.Release|x86.Build.0 = Release|Win32
		{429C3DF3-BCB4-4A00-B8BA-AB881238CFAE}.Debug|x64.ActiveCfg = Debug|x64
		{429C3DF3-BCB4-4A00-B8BA-AB881238CFAE}.Debug|x64.Build.0 = Debug|x64
		{429C3DF3-BCB4-4A00-B8BA-AB881238CFAE}.Debug|x86.ActiveCfg = Debug|Win32
		{429C3DF3-BCB4-4A00-B8BA-AB881238CFAE}.Debug|x86.Build.0 = Debug|Win32
		{429C3DF3-BCB4-4A00-B8BA-AB881238CFAE}.Release|x64.ActiveCfg = Release|x64
		{429C3DF3-BCB4-4A00-B8BA-AB881238CFAE}.Release|x64.Build.0 = Release|x64
		{429C3DF3-BCB4-4A00-B8BA-AB881238CFAE}.Release|x86.ActiveCfg = Release|Win32
		{429C3DF3-BCB4-4A00-B8BA-AB881238CFAE}.Release|x86.Build.0 = Release|Win32
		{019A2041-5A87-4326-9D49-E11633CFD0F6}.Debug|x64.ActiveCfg = Debug|x64
		{019A2041-5A87-4326-9D49-E11633CFD0F6}.Debug|x64.Build.0 = Debug|x64
		{019A2041-5A87-4326-9D49-E11633CFD0F6}.Debug|x86.ActiveCfg = Debug|Win32
		{019A2041-5A87-4326-9D49-E11633CFD0F6}.Debug|x86.Build.0 = Debug|Win32
		{019A2041-5A87-4326-9D49-E11633CFD0F6}.Release|x64.ActiveCfg = Release|x64
		{019A2041-5A87-4326-9D49-E11633CFD0F6}.Release|x64.Build.0 = Release|x64
		{019A2041-5A87-4326-9D49-E11633CFD0F6}.Release|x86.ActiveCfg = Release|Win32
		{019A2041-5A87-4326-9D49-E11633CFD0F6}.Release|x86.Build.0 = Release|Win32
		{D37DBB23-32B0-4216-AD49-28479787331E}.Debug|x64.ActiveCfg = Debug|x64
		{D37DBB23-32B0-4216-AD49-28479787331E}.Debug|x64.Build.0 = Debug|x64
		{D37DBB23-32B0-4216-AD49-28479787331E}.Debug|x86.ActiveCfg = Debug|Win32
		{D37DBB23-32B0-4216-AD49-28479787331E}.Debug|x86.Build.0 = Debug|Win32
		{D37DBB23-32B0-4216-AD49-28479787331E}.Release|x64.ActiveCfg = Release|x64
		{D37DBB23-32B0-4216-AD49-28479787331E}.Release|x64.Build.0 = Release|x64
		{D37DBB23-32B0-4216-AD49-28479787331E}.Release|x86.ActiveCfg = Release|Win32
		{D37DBB23-32B0-4216-AD49-28479787331E}.Release|x86.Build.0 = Release|Win32
		{9EC9E5AB-83E3-4DB6-B452-FA21E0908DFD}.Debug|x64.ActiveCfg = Debug|x64
		{9EC9E5AB-83E3-4DB6-B452-FA21E0908DFD}.Debug|x64.Build.0 = Debug|x64
		{9EC9E5AB-83E3-4DB6-B452-FA21E0908DFD}.Debug|x86.ActiveCfg = Debug|Win32
		{9EC9E5AB-83E3-4DB6-B452-FA21E0908DFD}.Debug|x86.Build.0 = Debug|Win32
		{9EC9E5AB-83E3-4DB6-B452-FA21E0908DFD}.Release|x64.ActiveCfg = Release|x64
		{9EC9E5AB-83E3-4DB6-B452-FA21E0908DFD}.Release|x64.Build.0 = Release|x64
		{9EC9E5AB-83E3-4DB6-B452-FA21E0908DFD}.Release|x86.ActiveCfg = Release|Win32
		{9EC9E5AB-83E3-4DB6-B452-FA21E0908DFD}.Release|x86.Build.0 = Release|Win32
		{17CCC833-A265-4B5F-9B8E-002DD2923493}.Debug|x64.ActiveCfg = Debug|x64
		{17CCC833-A265-4B5F-9B8E-002DD2923493}.Debug|x64.Build.0 = Debug|x64
		{17CCC833-A265-4B5F-9B8E-002DD2923493}.Debug|x86.ActiveCfg = Debug|Win32
		{17CCC833-A265-4B5F-9B8E-002DD2923493}.Debug|x86.Build.0 = Debug|Win32
		{17CCC833-A265-4B5F-9B8E-002DD2923493}.Release|x64.ActiveCfg = Release|x64
		{17CCC833-A265-4B5F-9B8E-002DD2923493}.Release|x64.Build.0 = Release|x64
		{17CCC833-A265-4B5F-9B8E-002DD2923493}.Release|x86.ActiveCfg = Release|Win32
		{17CCC833-A265-4B5F-9B8E-002DD2923493}.Release|x86.Build.0 = Release|Win32
		{EF63A9F1-72E6-421D-ACAD-CB8BBE97BA2A}.Debug|x64.ActiveCfg = Debug|x64
		{EF63A9F1-72E6-421D-ACAD-CB8BBE97BA2A}.Debug|x64.Build.0 = Debug|x64
		{EF63A9F1-72E6-421D-ACAD-CB8BBE97BA2A}.Debug|x86.ActiveCfg = Debug|Win32
		{EF63A9F1-72E6-421D-ACAD-CB8BBE97BA2A}.Debug|x86.Build.0 = Debug|Win32
		{EF63A9F1-72E6-421D-ACAD-CB8BBE97BA2A}.Release|x64.ActiveCfg = Release|x64
		{EF63A9F1-72E6-421D-ACAD-CB8BBE97BA2A}.Release|x64.Build.0 = Release|x64
		{EF63A9F1-72E6-421D-ACAD-CB8BBE97BA2A}.Release|x86.ActiveCfg = Release|Win32
		{EF63A9F1-72E6-421D-ACAD-CB8BBE97BA2A}.Release|x86.Build.0 = Release|Win32
		{9D90410B-6E5D-4312-8EA3-2A11E223AF6D}.Debug|x64.ActiveCfg = Debug|x64
		{9D90410B-6E5D-4312-8EA3-2A11E223AF6D}.Debug|x64.Build.0 = Debug|x64
		{9D90410B-6E5D-4312-8EA3-2A11E223AF6D}.Debug|x86.ActiveCfg = Debug|Win32
		{9D90410B-6E5D-4312-8EA3-2A11E223AF6D}.Debug|x86.Build.0 = Debug|Win32
		{9D90410B-6E5D-4312-8EA3-2A11E223AF6D}.Release|x64.ActiveCfg = Release|x64
		{9D90410B-6E5D-4312-8EA3-2A11E223AF6D}.Release|x64.Build.0 = Release|x64
		{9D90410B-6E5D-4312-8EA3-2A11E223AF6D}.Release|x86.ActiveCfg = Release|Win32
		{9D90410B-6E5D-4312-8EA3-2A11E223AF6D}.Release|x86.Build.0 = Release|Win32
		{B04647F4-034A-4249-8519-33B3DE065854}.Debug|x64.ActiveCfg = Debug|x64
		{B04647F4-034A-4249-8519-33B3DE065854}.Debug|x64.Build.0 = Debug|x64
		{B04647F4-034A-4249-8519-33B3DE065854}.Debug|x86.ActiveCfg = Debug|Win32
		{B04647F4-034A-4249-8519-33B3DE065854}.Debug|x86.Build.0 = Debug|Win32
		{B04647F4-034A-4249-8519-33B3DE065854}.Release|x64.ActiveCfg = Release|x64
		{B04647F4-034A-4249-8519-33B3DE065854}.Release|x64.Build.0 = Release|x64
		{B04647F4-034A-4249-8519-33B3DE065854}.Release|x86.ActiveCfg = Release|Win32
		{B04647F4-034A-4249-8519-33B3DE065854}.Release|x86.Build.0 = Release|Win32
	EndGlobalSection
	GlobalSection(SolutionProperties) = preSolution
		HideSolutionNode = FALSE
	EndGlobalSection
	GlobalSection(ExtensibilityGlobals) = postSolution
		SolutionGuid = {154863B2-61E2-4358-8234-9F267CFF7B08}
	EndGlobalSection
EndGlobal
